
Microsoft Visual Studio Solution File, Format Version 12.00
# Visual Studio Version 17
VisualStudioVersion = 17.4.33205.214
MinimumVisualStudioVersion = 10.0.40219.1
Project("{9A19103F-16F7-4668-BE54-9A1E7A4F7556}") = "Spike", "Spike\Spike.csproj", "{7167B620-11DF-4A19-B2D4-EDA3B7B46535}"
EndProject
Project("{9A19103F-16F7-4668-BE54-9A1E7A4F7556}") = "GBX.NET", "GBX.NET\Src\GBX.NET\GBX.NET.csproj", "{EF24970D-A461-4EB2-ACD9-E197F3615783}"
EndProject
Project("{9A19103F-16F7-4668-BE54-9A1E7A4F7556}") = "GBX.NET.Generators", "GBX.NET\Generators\GBX.NET.Generators\GBX.NET.Generators.csproj", "{8B1560A5-9FD8-42DB-9115-E63530E7A86E}"
EndProject
Project("{9A19103F-16F7-4668-BE54-9A1E7A4F7556}") = "BulkSpikeTest", "BulkSpikeTest\BulkSpikeTest.csproj", "{2E51C84A-2ACD-4029-9336-14D877F0D859}"
EndProject
Project("{9A19103F-16F7-4668-BE54-9A1E7A4F7556}") = "GbxToolAPI", "GbxToolAPI\Src\GbxToolAPI\GbxToolAPI.csproj", "{B0E26E78-A9B0-4C79-B8D3-FAA43510CDF1}"
EndProject
Project("{FAE04EC0-301F-11D3-BF4B-00C04F79EFBC}") = "Spike.Client", "Spike.Client\Spike.Client.csproj", "{EE9ED174-D2B9-4958-8030-1B035973F325}"
EndProject
Project("{9A19103F-16F7-4668-BE54-9A1E7A4F7556}") = "GbxToolAPI.Client", "GbxToolAPI\Src\GbxToolAPI.Client\GbxToolAPI.Client.csproj", "{4EB306AC-34E6-4792-853B-AD77F6B925C2}"
EndProject
Global
	GlobalSection(SolutionConfigurationPlatforms) = preSolution
		Debug|Any CPU = Debug|Any CPU
		Debug|x64 = Debug|x64
		Debug|x86 = Debug|x86
		Release|Any CPU = Release|Any CPU
		Release|x64 = Release|x64
		Release|x86 = Release|x86
	EndGlobalSection
	GlobalSection(ProjectConfigurationPlatforms) = postSolution
		{7167B620-11DF-4A19-B2D4-EDA3B7B46535}.Debug|Any CPU.ActiveCfg = Debug|Any CPU
		{7167B620-11DF-4A19-B2D4-EDA3B7B46535}.Debug|Any CPU.Build.0 = Debug|Any CPU
		{7167B620-11DF-4A19-B2D4-EDA3B7B46535}.Debug|x64.ActiveCfg = Debug|Any CPU
		{7167B620-11DF-4A19-B2D4-EDA3B7B46535}.Debug|x64.Build.0 = Debug|Any CPU
		{7167B620-11DF-4A19-B2D4-EDA3B7B46535}.Debug|x86.ActiveCfg = Debug|Any CPU
		{7167B620-11DF-4A19-B2D4-EDA3B7B46535}.Debug|x86.Build.0 = Debug|Any CPU
		{7167B620-11DF-4A19-B2D4-EDA3B7B46535}.Release|Any CPU.ActiveCfg = Release|Any CPU
		{7167B620-11DF-4A19-B2D4-EDA3B7B46535}.Release|Any CPU.Build.0 = Release|Any CPU
		{7167B620-11DF-4A19-B2D4-EDA3B7B46535}.Release|x64.ActiveCfg = Release|Any CPU
		{7167B620-11DF-4A19-B2D4-EDA3B7B46535}.Release|x64.Build.0 = Release|Any CPU
		{7167B620-11DF-4A19-B2D4-EDA3B7B46535}.Release|x86.ActiveCfg = Release|Any CPU
		{7167B620-11DF-4A19-B2D4-EDA3B7B46535}.Release|x86.Build.0 = Release|Any CPU
		{EF24970D-A461-4EB2-ACD9-E197F3615783}.Debug|Any CPU.ActiveCfg = Debug|Any CPU
		{EF24970D-A461-4EB2-ACD9-E197F3615783}.Debug|Any CPU.Build.0 = Debug|Any CPU
		{EF24970D-A461-4EB2-ACD9-E197F3615783}.Debug|x64.ActiveCfg = Debug|x64
		{EF24970D-A461-4EB2-ACD9-E197F3615783}.Debug|x64.Build.0 = Debug|x64
		{EF24970D-A461-4EB2-ACD9-E197F3615783}.Debug|x86.ActiveCfg = Debug|x86
		{EF24970D-A461-4EB2-ACD9-E197F3615783}.Debug|x86.Build.0 = Debug|x86
		{EF24970D-A461-4EB2-ACD9-E197F3615783}.Release|Any CPU.ActiveCfg = Release|Any CPU
		{EF24970D-A461-4EB2-ACD9-E197F3615783}.Release|Any CPU.Build.0 = Release|Any CPU
		{EF24970D-A461-4EB2-ACD9-E197F3615783}.Release|x64.ActiveCfg = Release|x64
		{EF24970D-A461-4EB2-ACD9-E197F3615783}.Release|x64.Build.0 = Release|x64
		{EF24970D-A461-4EB2-ACD9-E197F3615783}.Release|x86.ActiveCfg = Release|x86
		{EF24970D-A461-4EB2-ACD9-E197F3615783}.Release|x86.Build.0 = Release|x86
		{8B1560A5-9FD8-42DB-9115-E63530E7A86E}.Debug|Any CPU.ActiveCfg = Debug|Any CPU
		{8B1560A5-9FD8-42DB-9115-E63530E7A86E}.Debug|Any CPU.Build.0 = Debug|Any CPU
		{8B1560A5-9FD8-42DB-9115-E63530E7A86E}.Debug|x64.ActiveCfg = Debug|Any CPU
		{8B1560A5-9FD8-42DB-9115-E63530E7A86E}.Debug|x64.Build.0 = Debug|Any CPU
		{8B1560A5-9FD8-42DB-9115-E63530E7A86E}.Debug|x86.ActiveCfg = Debug|Any CPU
		{8B1560A5-9FD8-42DB-9115-E63530E7A86E}.Debug|x86.Build.0 = Debug|Any CPU
		{8B1560A5-9FD8-42DB-9115-E63530E7A86E}.Release|Any CPU.ActiveCfg = Release|Any CPU
		{8B1560A5-9FD8-42DB-9115-E63530E7A86E}.Release|Any CPU.Build.0 = Release|Any CPU
		{8B1560A5-9FD8-42DB-9115-E63530E7A86E}.Release|x64.ActiveCfg = Release|Any CPU
		{8B1560A5-9FD8-42DB-9115-E63530E7A86E}.Release|x64.Build.0 = Release|Any CPU
		{8B1560A5-9FD8-42DB-9115-E63530E7A86E}.Release|x86.ActiveCfg = Release|Any CPU
		{8B1560A5-9FD8-42DB-9115-E63530E7A86E}.Release|x86.Build.0 = Release|Any CPU
		{2E51C84A-2ACD-4029-9336-14D877F0D859}.Debug|Any CPU.ActiveCfg = Debug|Any CPU
		{2E51C84A-2ACD-4029-9336-14D877F0D859}.Debug|Any CPU.Build.0 = Debug|Any CPU
		{2E51C84A-2ACD-4029-9336-14D877F0D859}.Debug|x64.ActiveCfg = Debug|Any CPU
		{2E51C84A-2ACD-4029-9336-14D877F0D859}.Debug|x64.Build.0 = Debug|Any CPU
		{2E51C84A-2ACD-4029-9336-14D877F0D859}.Debug|x86.ActiveCfg = Debug|Any CPU
		{2E51C84A-2ACD-4029-9336-14D877F0D859}.Debug|x86.Build.0 = Debug|Any CPU
		{2E51C84A-2ACD-4029-9336-14D877F0D859}.Release|Any CPU.ActiveCfg = Release|Any CPU
		{2E51C84A-2ACD-4029-9336-14D877F0D859}.Release|Any CPU.Build.0 = Release|Any CPU
		{2E51C84A-2ACD-4029-9336-14D877F0D859}.Release|x64.ActiveCfg = Release|Any CPU
		{2E51C84A-2ACD-4029-9336-14D877F0D859}.Release|x64.Build.0 = Release|Any CPU
		{2E51C84A-2ACD-4029-9336-14D877F0D859}.Release|x86.ActiveCfg = Release|Any CPU
		{2E51C84A-2ACD-4029-9336-14D877F0D859}.Release|x86.Build.0 = Release|Any CPU
		{B0E26E78-A9B0-4C79-B8D3-FAA43510CDF1}.Debug|Any CPU.ActiveCfg = Debug|Any CPU
		{B0E26E78-A9B0-4C79-B8D3-FAA43510CDF1}.Debug|Any CPU.Build.0 = Debug|Any CPU
		{B0E26E78-A9B0-4C79-B8D3-FAA43510CDF1}.Debug|x64.ActiveCfg = Debug|Any CPU
		{B0E26E78-A9B0-4C79-B8D3-FAA43510CDF1}.Debug|x64.Build.0 = Debug|Any CPU
		{B0E26E78-A9B0-4C79-B8D3-FAA43510CDF1}.Debug|x86.ActiveCfg = Debug|Any CPU
		{B0E26E78-A9B0-4C79-B8D3-FAA43510CDF1}.Debug|x86.Build.0 = Debug|Any CPU
		{B0E26E78-A9B0-4C79-B8D3-FAA43510CDF1}.Release|Any CPU.ActiveCfg = Release|Any CPU
		{B0E26E78-A9B0-4C79-B8D3-FAA43510CDF1}.Release|Any CPU.Build.0 = Release|Any CPU
		{B0E26E78-A9B0-4C79-B8D3-FAA43510CDF1}.Release|x64.ActiveCfg = Release|Any CPU
		{B0E26E78-A9B0-4C79-B8D3-FAA43510CDF1}.Release|x64.Build.0 = Release|Any CPU
		{B0E26E78-A9B0-4C79-B8D3-FAA43510CDF1}.Release|x86.ActiveCfg = Release|Any CPU
		{B0E26E78-A9B0-4C79-B8D3-FAA43510CDF1}.Release|x86.Build.0 = Release|Any CPU
		{EE9ED174-D2B9-4958-8030-1B035973F325}.Debug|Any CPU.ActiveCfg = Debug|Any CPU
		{EE9ED174-D2B9-4958-8030-1B035973F325}.Debug|Any CPU.Build.0 = Debug|Any CPU
		{EE9ED174-D2B9-4958-8030-1B035973F325}.Debug|x64.ActiveCfg = Debug|Any CPU
		{EE9ED174-D2B9-4958-8030-1B035973F325}.Debug|x64.Build.0 = Debug|Any CPU
		{EE9ED174-D2B9-4958-8030-1B035973F325}.Debug|x86.ActiveCfg = Debug|Any CPU
		{EE9ED174-D2B9-4958-8030-1B035973F325}.Debug|x86.Build.0 = Debug|Any CPU
		{EE9ED174-D2B9-4958-8030-1B035973F325}.Release|Any CPU.ActiveCfg = Release|Any CPU
		{EE9ED174-D2B9-4958-8030-1B035973F325}.Release|Any CPU.Build.0 = Release|Any CPU
		{EE9ED174-D2B9-4958-8030-1B035973F325}.Release|x64.ActiveCfg = Release|Any CPU
		{EE9ED174-D2B9-4958-8030-1B035973F325}.Release|x64.Build.0 = Release|Any CPU
		{EE9ED174-D2B9-4958-8030-1B035973F325}.Release|x86.ActiveCfg = Release|Any CPU
		{EE9ED174-D2B9-4958-8030-1B035973F325}.Release|x86.Build.0 = Release|Any CPU
		{4EB306AC-34E6-4792-853B-AD77F6B925C2}.Debug|Any CPU.ActiveCfg = Debug|Any CPU
		{4EB306AC-34E6-4792-853B-AD77F6B925C2}.Debug|Any CPU.Build.0 = Debug|Any CPU
		{4EB306AC-34E6-4792-853B-AD77F6B925C2}.Debug|x64.ActiveCfg = Debug|Any CPU
		{4EB306AC-34E6-4792-853B-AD77F6B925C2}.Debug|x64.Build.0 = Debug|Any CPU
		{4EB306AC-34E6-4792-853B-AD77F6B925C2}.Debug|x86.ActiveCfg = Debug|Any CPU
		{4EB306AC-34E6-4792-853B-AD77F6B925C2}.Debug|x86.Build.0 = Debug|Any CPU
		{4EB306AC-34E6-4792-853B-AD77F6B925C2}.Release|Any CPU.ActiveCfg = Release|Any CPU
		{4EB306AC-34E6-4792-853B-AD77F6B925C2}.Release|Any CPU.Build.0 = Release|Any CPU
		{4EB306AC-34E6-4792-853B-AD77F6B925C2}.Release|x64.ActiveCfg = Release|Any CPU
		{4EB306AC-34E6-4792-853B-AD77F6B925C2}.Release|x64.Build.0 = Release|Any CPU
		{4EB306AC-34E6-4792-853B-AD77F6B925C2}.Release|x86.ActiveCfg = Release|Any CPU
		{4EB306AC-34E6-4792-853B-AD77F6B925C2}.Release|x86.Build.0 = Release|Any CPU
	EndGlobalSection
	GlobalSection(SolutionProperties) = preSolution
		HideSolutionNode = FALSE
	EndGlobalSection
	GlobalSection(ExtensibilityGlobals) = postSolution
		SolutionGuid = {B61A5D14-A8CE-4BF3-82AD-39373C6F1D25}
	EndGlobalSection
EndGlobal
